
Microsoft Visual Studio Solution File, Format Version 12.00
# Visual Studio Version 17
VisualStudioVersion = 17.9.34728.123
MinimumVisualStudioVersion = 10.0.40219.1
Project("{9A19103F-16F7-4668-BE54-9A1E7A4F7556}") = "ReceitaWSAPI", "ReceitaWSAPI.csproj", "{7B7B2EE6-A8A2-46A0-A8CB-EE4A351A1DDB}"
EndProject
Global
	GlobalSection(SolutionConfigurationPlatforms) = preSolution
		Debug|Any CPU = Debug|Any CPU
		Release|Any CPU = Release|Any CPU
	EndGlobalSection
	GlobalSection(ProjectConfigurationPlatforms) = postSolution
		{7B7B2EE6-A8A2-46A0-A8CB-EE4A351A1DDB}.Debug|Any CPU.ActiveCfg = Debug|Any CPU
		{7B7B2EE6-A8A2-46A0-A8CB-EE4A351A1DDB}.Debug|Any CPU.Build.0 = Debug|Any CPU
		{7B7B2EE6-A8A2-46A0-A8CB-EE4A351A1DDB}.Release|Any CPU.ActiveCfg = Release|Any CPU
		{7B7B2EE6-A8A2-46A0-A8CB-EE4A351A1DDB}.Release|Any CPU.Build.0 = Release|Any CPU
	EndGlobalSection
	GlobalSection(SolutionProperties) = preSolution
		HideSolutionNode = FALSE
	EndGlobalSection
	GlobalSection(ExtensibilityGlobals) = postSolution
		SolutionGuid = {B73C1F3A-3EDC-4A93-BD21-7351EB534BF2}
	EndGlobalSection
EndGlobal
